
Microsoft Visual Studio Solution File, Format Version 12.00
# Visual Studio Version 17
VisualStudioVersion = 17.4.33205.214
MinimumVisualStudioVersion = 10.0.40219.1
Project("{9A19103F-16F7-4668-BE54-9A1E7A4F7556}") = "Web", "Web\Web.csproj", "{DD32425D-217A-43B0-B4E2-883A7FD8F5CB}"
EndProject
Project("{9A19103F-16F7-4668-BE54-9A1E7A4F7556}") = "Maui", "Maui\Maui.csproj", "{103CE28A-3878-45E1-8CEF-98018E39DCE1}"
EndProject
Global
	GlobalSection(SolutionConfigurationPlatforms) = preSolution
		Debug|Any CPU = Debug|Any CPU
		Release|Any CPU = Release|Any CPU
	EndGlobalSection
	GlobalSection(ProjectConfigurationPlatforms) = postSolution
		{DD32425D-217A-43B0-B4E2-883A7FD8F5CB}.Debug|Any CPU.ActiveCfg = Debug|Any CPU
		{DD32425D-217A-43B0-B4E2-883A7FD8F5CB}.Debug|Any CPU.Build.0 = Debug|Any CPU
		{DD32425D-217A-43B0-B4E2-883A7FD8F5CB}.Release|Any CPU.ActiveCfg = Release|Any CPU
		{DD32425D-217A-43B0-B4E2-883A7FD8F5CB}.Release|Any CPU.Build.0 = Release|Any CPU
		{103CE28A-3878-45E1-8CEF-98018E39DCE1}.Debug|Any CPU.ActiveCfg = Debug|Any CPU
		{103CE28A-3878-45E1-8CEF-98018E39DCE1}.Debug|Any CPU.Build.0 = Debug|Any CPU
		{103CE28A-3878-45E1-8CEF-98018E39DCE1}.Debug|Any CPU.Deploy.0 = Debug|Any CPU
		{103CE28A-3878-45E1-8CEF-98018E39DCE1}.Release|Any CPU.ActiveCfg = Release|Any CPU
		{103CE28A-3878-45E1-8CEF-98018E39DCE1}.Release|Any CPU.Build.0 = Release|Any CPU
		{103CE28A-3878-45E1-8CEF-98018E39DCE1}.Release|Any CPU.Deploy.0 = Release|Any CPU
	EndGlobalSection
	GlobalSection(SolutionProperties) = preSolution
		HideSolutionNode = FALSE
	EndGlobalSection
	GlobalSection(ExtensibilityGlobals) = postSolution
		SolutionGuid = {BB000D6D-600A-4EF1-9D41-FF46FC1074AD}
	EndGlobalSection
EndGlobal
